// !$*UTF8*$!
{
	archiveVersion = 1;
	classes = {
	};
	objectVersion = 51;
	objects = {

/* Begin PBXBuildFile section */
		0D5B9F81B80146EF91760D16 /* Pods_MopubAds.framework in Frameworks */ = {isa = PBXBuildFile; fileRef = 016B30C4582F4D9D958C280E /* Pods_MopubAds.framework */; };
		5E659B6F24D94C23004BF636 /* AppDelegate.swift in Sources */ = {isa = PBXBuildFile; fileRef = 5E659B6E24D94C23004BF636 /* AppDelegate.swift */; };
		5E659B7124D94C23004BF636 /* SceneDelegate.swift in Sources */ = {isa = PBXBuildFile; fileRef = 5E659B7024D94C23004BF636 /* SceneDelegate.swift */; };
		5E659B7324D94C23004BF636 /* ViewController.swift in Sources */ = {isa = PBXBuildFile; fileRef = 5E659B7224D94C23004BF636 /* ViewController.swift */; };
		5E659B7624D94C23004BF636 /* Main.storyboard in Resources */ = {isa = PBXBuildFile; fileRef = 5E659B7424D94C23004BF636 /* Main.storyboard */; };
		5E659B7824D94C25004BF636 /* Assets.xcassets in Resources */ = {isa = PBXBuildFile; fileRef = 5E659B7724D94C25004BF636 /* Assets.xcassets */; };
		5E659B7B24D94C25004BF636 /* LaunchScreen.storyboard in Resources */ = {isa = PBXBuildFile; fileRef = 5E659B7924D94C25004BF636 /* LaunchScreen.storyboard */; };
		5E6B6A2724E6CCBE0034BE07 /* ShowAdsViewController.swift in Sources */ = {isa = PBXBuildFile; fileRef = 5E6B6A2624E6CCBE0034BE07 /* ShowAdsViewController.swift */; };
		5E893AA624E6DC60004E7313 /* Models.swift in Sources */ = {isa = PBXBuildFile; fileRef = 5E893AA524E6DC60004E7313 /* Models.swift */; };
		5E893AA824E6DC85004E7313 /* Views.swift in Sources */ = {isa = PBXBuildFile; fileRef = 5E893AA724E6DC85004E7313 /* Views.swift */; };
/* End PBXBuildFile section */

/* Begin PBXFileReference section */
		016B30C4582F4D9D958C280E /* Pods_MopubAds.framework */ = {isa = PBXFileReference; explicitFileType = wrapper.framework; includeInIndex = 0; path = Pods_MopubAds.framework; sourceTree = BUILT_PRODUCTS_DIR; };
		3877E25341E057C205C592CA /* Pods-MopubAds.release.xcconfig */ = {isa = PBXFileReference; includeInIndex = 1; lastKnownFileType = text.xcconfig; name = "Pods-MopubAds.release.xcconfig"; path = "Target Support Files/Pods-MopubAds/Pods-MopubAds.release.xcconfig"; sourceTree = "<group>"; };
		5E659B6B24D94C23004BF636 /* MopubAds.app */ = {isa = PBXFileReference; explicitFileType = wrapper.application; includeInIndex = 0; path = MopubAds.app; sourceTree = BUILT_PRODUCTS_DIR; };
		5E659B6E24D94C23004BF636 /* AppDelegate.swift */ = {isa = PBXFileReference; lastKnownFileType = sourcecode.swift; path = AppDelegate.swift; sourceTree = "<group>"; };
		5E659B7024D94C23004BF636 /* SceneDelegate.swift */ = {isa = PBXFileReference; lastKnownFileType = sourcecode.swift; path = SceneDelegate.swift; sourceTree = "<group>"; };
		5E659B7224D94C23004BF636 /* ViewController.swift */ = {isa = PBXFileReference; lastKnownFileType = sourcecode.swift; path = ViewController.swift; sourceTree = "<group>"; };
		5E659B7524D94C23004BF636 /* Base */ = {isa = PBXFileReference; lastKnownFileType = file.storyboard; name = Base; path = Base.lproj/Main.storyboard; sourceTree = "<group>"; };
		5E659B7724D94C25004BF636 /* Assets.xcassets */ = {isa = PBXFileReference; lastKnownFileType = folder.assetcatalog; path = Assets.xcassets; sourceTree = "<group>"; };
		5E659B7A24D94C25004BF636 /* Base */ = {isa = PBXFileReference; lastKnownFileType = file.storyboard; name = Base; path = Base.lproj/LaunchScreen.storyboard; sourceTree = "<group>"; };
		5E659B7C24D94C25004BF636 /* Info.plist */ = {isa = PBXFileReference; lastKnownFileType = text.plist.xml; path = Info.plist; sourceTree = "<group>"; };
		5E6B6A2624E6CCBE0034BE07 /* ShowAdsViewController.swift */ = {isa = PBXFileReference; lastKnownFileType = sourcecode.swift; path = ShowAdsViewController.swift; sourceTree = "<group>"; };
		5E893AA524E6DC60004E7313 /* Models.swift */ = {isa = PBXFileReference; lastKnownFileType = sourcecode.swift; path = Models.swift; sourceTree = "<group>"; };
		5E893AA724E6DC85004E7313 /* Views.swift */ = {isa = PBXFileReference; lastKnownFileType = sourcecode.swift; path = Views.swift; sourceTree = "<group>"; };
		6BA94BB61276E85648D6DFDC /* Pods-MopubAds.debug.xcconfig */ = {isa = PBXFileReference; includeInIndex = 1; lastKnownFileType = text.xcconfig; name = "Pods-MopubAds.debug.xcconfig"; path = "Target Support Files/Pods-MopubAds/Pods-MopubAds.debug.xcconfig"; sourceTree = "<group>"; };
/* End PBXFileReference section */

/* Begin PBXFrameworksBuildPhase section */
		5E659B6824D94C23004BF636 /* Frameworks */ = {
			isa = PBXFrameworksBuildPhase;
			buildActionMask = 2147483647;
			files = (
				0D5B9F81B80146EF91760D16 /* Pods_MopubAds.framework in Frameworks */,
			);
			runOnlyForDeploymentPostprocessing = 0;
		};
/* End PBXFrameworksBuildPhase section */

/* Begin PBXGroup section */
		5A5E9374C83179DC700E519F /* Frameworks */ = {
			isa = PBXGroup;
			children = (
				016B30C4582F4D9D958C280E /* Pods_MopubAds.framework */,
			);
			name = Frameworks;
			sourceTree = "<group>";
		};
		5E659B6224D94C23004BF636 = {
			isa = PBXGroup;
			children = (
				5E659B6D24D94C23004BF636 /* MopubAds */,
				5E659B6C24D94C23004BF636 /* Products */,
				6BB457DF2A08C8D369652B5B /* Pods */,
				5A5E9374C83179DC700E519F /* Frameworks */,
			);
			sourceTree = "<group>";
		};
		5E659B6C24D94C23004BF636 /* Products */ = {
			isa = PBXGroup;
			children = (
				5E659B6B24D94C23004BF636 /* MopubAds.app */,
			);
			name = Products;
			sourceTree = "<group>";
		};
		5E659B6D24D94C23004BF636 /* MopubAds */ = {
			isa = PBXGroup;
			children = (
				5E659B6E24D94C23004BF636 /* AppDelegate.swift */,
				5E659B7024D94C23004BF636 /* SceneDelegate.swift */,
				5E659B7224D94C23004BF636 /* ViewController.swift */,
				5E659B7424D94C23004BF636 /* Main.storyboard */,
				5E659B7724D94C25004BF636 /* Assets.xcassets */,
				5E659B7924D94C25004BF636 /* LaunchScreen.storyboard */,
				5E659B7C24D94C25004BF636 /* Info.plist */,
				5E6B6A2624E6CCBE0034BE07 /* ShowAdsViewController.swift */,
				5E893AA724E6DC85004E7313 /* Views.swift */,
				5E893AA524E6DC60004E7313 /* Models.swift */,
			);
			path = MopubAds;
			sourceTree = "<group>";
		};
		6BB457DF2A08C8D369652B5B /* Pods */ = {
			isa = PBXGroup;
			children = (
				6BA94BB61276E85648D6DFDC /* Pods-MopubAds.debug.xcconfig */,
				3877E25341E057C205C592CA /* Pods-MopubAds.release.xcconfig */,
			);
			path = Pods;
			sourceTree = "<group>";
		};
/* End PBXGroup section */

/* Begin PBXNativeTarget section */
		5E659B6A24D94C23004BF636 /* MopubAds */ = {
			isa = PBXNativeTarget;
			buildConfigurationList = 5E659B7F24D94C25004BF636 /* Build configuration list for PBXNativeTarget "MopubAds" */;
			buildPhases = (
				6005EAF6A66E3DD88449F5B8 /* [CP] Check Pods Manifest.lock */,
				5E659B6724D94C23004BF636 /* Sources */,
				5E659B6824D94C23004BF636 /* Frameworks */,
				5E659B6924D94C23004BF636 /* Resources */,
				4198BB0D5715C3BB850F04A1 /* [CP] Embed Pods Frameworks */,
			);
			buildRules = (
			);
			dependencies = (
			);
			name = MopubAds;
			productName = MopubAds;
			productReference = 5E659B6B24D94C23004BF636 /* MopubAds.app */;
			productType = "com.apple.product-type.application";
		};
/* End PBXNativeTarget section */

/* Begin PBXProject section */
		5E659B6324D94C23004BF636 /* Project object */ = {
			isa = PBXProject;
			attributes = {
				LastSwiftUpdateCheck = 1140;
				LastUpgradeCheck = 1140;
				ORGANIZATIONNAME = "Sylvan Ash";
				TargetAttributes = {
					5E659B6A24D94C23004BF636 = {
						CreatedOnToolsVersion = 11.4.1;
					};
				};
			};
			buildConfigurationList = 5E659B6624D94C23004BF636 /* Build configuration list for PBXProject "MopubAds" */;
			compatibilityVersion = "Xcode 9.3";
			developmentRegion = en;
			hasScannedForEncodings = 0;
			knownRegions = (
				en,
				Base,
			);
			mainGroup = 5E659B6224D94C23004BF636;
			productRefGroup = 5E659B6C24D94C23004BF636 /* Products */;
			projectDirPath = "";
			projectRoot = "";
			targets = (
				5E659B6A24D94C23004BF636 /* MopubAds */,
			);
		};
/* End PBXProject section */

/* Begin PBXResourcesBuildPhase section */
		5E659B6924D94C23004BF636 /* Resources */ = {
			isa = PBXResourcesBuildPhase;
			buildActionMask = 2147483647;
			files = (
				5E659B7B24D94C25004BF636 /* LaunchScreen.storyboard in Resources */,
				5E659B7824D94C25004BF636 /* Assets.xcassets in Resources */,
				5E659B7624D94C23004BF636 /* Main.storyboard in Resources */,
			);
			runOnlyForDeploymentPostprocessing = 0;
		};
/* End PBXResourcesBuildPhase section */

/* Begin PBXShellScriptBuildPhase section */
		4198BB0D5715C3BB850F04A1 /* [CP] Embed Pods Frameworks */ = {
			isa = PBXShellScriptBuildPhase;
			buildActionMask = 2147483647;
			files = (
			);
			inputFileListPaths = (
				"${PODS_ROOT}/Target Support Files/Pods-MopubAds/Pods-MopubAds-frameworks-${CONFIGURATION}-input-files.xcfilelist",
			);
			name = "[CP] Embed Pods Frameworks";
			outputFileListPaths = (
				"${PODS_ROOT}/Target Support Files/Pods-MopubAds/Pods-MopubAds-frameworks-${CONFIGURATION}-output-files.xcfilelist",
			);
			runOnlyForDeploymentPostprocessing = 0;
			shellPath = /bin/sh;
			shellScript = "\"${PODS_ROOT}/Target Support Files/Pods-MopubAds/Pods-MopubAds-frameworks.sh\"\n";
			showEnvVarsInLog = 0;
		};
		6005EAF6A66E3DD88449F5B8 /* [CP] Check Pods Manifest.lock */ = {
			isa = PBXShellScriptBuildPhase;
			buildActionMask = 2147483647;
			files = (
			);
			inputFileListPaths = (
			);
			inputPaths = (
				"${PODS_PODFILE_DIR_PATH}/Podfile.lock",
				"${PODS_ROOT}/Manifest.lock",
			);
			name = "[CP] Check Pods Manifest.lock";
			outputFileListPaths = (
			);
			outputPaths = (
				"$(DERIVED_FILE_DIR)/Pods-MopubAds-checkManifestLockResult.txt",
			);
			runOnlyForDeploymentPostprocessing = 0;
			shellPath = /bin/sh;
			shellScript = "diff \"${PODS_PODFILE_DIR_PATH}/Podfile.lock\" \"${PODS_ROOT}/Manifest.lock\" > /dev/null\nif [ $? != 0 ] ; then\n    # print error to STDERR\n    echo \"error: The sandbox is not in sync with the Podfile.lock. Run 'pod install' or update your CocoaPods installation.\" >&2\n    exit 1\nfi\n# This output is used by Xcode 'outputs' to avoid re-running this script phase.\necho \"SUCCESS\" > \"${SCRIPT_OUTPUT_FILE_0}\"\n";
			showEnvVarsInLog = 0;
		};
/* End PBXShellScriptBuildPhase section */

/* Begin PBXSourcesBuildPhase section */
		5E659B6724D94C23004BF636 /* Sources */ = {
			isa = PBXSourcesBuildPhase;
			buildActionMask = 2147483647;
			files = (
				5E659B7324D94C23004BF636 /* ViewController.swift in Sources */,
				5E659B6F24D94C23004BF636 /* AppDelegate.swift in Sources */,
				5E893AA824E6DC85004E7313 /* Views.swift in Sources */,
				5E6B6A2724E6CCBE0034BE07 /* ShowAdsViewController.swift in Sources */,
				5E659B7124D94C23004BF636 /* SceneDelegate.swift in Sources */,
				5E893AA624E6DC60004E7313 /* Models.swift in Sources */,
			);
			runOnlyForDeploymentPostprocessing = 0;
		};
/* End PBXSourcesBuildPhase section */

/* Begin PBXVariantGroup section */
		5E659B7424D94C23004BF636 /* Main.storyboard */ = {
			isa = PBXVariantGroup;
			children = (
				5E659B7524D94C23004BF636 /* Base */,
			);
			name = Main.storyboard;
			sourceTree = "<group>";
		};
		5E659B7924D94C25004BF636 /* LaunchScreen.storyboard */ = {
			isa = PBXVariantGroup;
			children = (
				5E659B7A24D94C25004BF636 /* Base */,
			);
			name = LaunchScreen.storyboard;
			sourceTree = "<group>";
		};
/* End PBXVariantGroup section */

/* Begin XCBuildConfiguration section */
		5E659B7D24D94C25004BF636 /* Debug */ = {
			isa = XCBuildConfiguration;
			buildSettings = {
				ALWAYS_SEARCH_USER_PATHS = NO;
				CLANG_ANALYZER_NONNULL = YES;
				CLANG_ANALYZER_NUMBER_OBJECT_CONVERSION = YES_AGGRESSIVE;
				CLANG_CXX_LANGUAGE_STANDARD = "gnu++14";
				CLANG_CXX_LIBRARY = "libc++";
				CLANG_ENABLE_MODULES = YES;
				CLANG_ENABLE_OBJC_ARC = YES;
				CLANG_ENABLE_OBJC_WEAK = YES;
				CLANG_WARN_BLOCK_CAPTURE_AUTORELEASING = YES;
				CLANG_WARN_BOOL_CONVERSION = YES;
				CLANG_WARN_COMMA = YES;
				CLANG_WARN_CONSTANT_CONVERSION = YES;
				CLANG_WARN_DEPRECATED_OBJC_IMPLEMENTATIONS = YES;
				CLANG_WARN_DIRECT_OBJC_ISA_USAGE = YES_ERROR;
				CLANG_WARN_DOCUMENTATION_COMMENTS = YES;
				CLANG_WARN_EMPTY_BODY = YES;
				CLANG_WARN_ENUM_CONVERSION = YES;
				CLANG_WARN_INFINITE_RECURSION = YES;
				CLANG_WARN_INT_CONVERSION = YES;
				CLANG_WARN_NON_LITERAL_NULL_CONVERSION = YES;
				CLANG_WARN_OBJC_IMPLICIT_RETAIN_SELF = YES;
				CLANG_WARN_OBJC_LITERAL_CONVERSION = YES;
				CLANG_WARN_OBJC_ROOT_CLASS = YES_ERROR;
				CLANG_WARN_RANGE_LOOP_ANALYSIS = YES;
				CLANG_WARN_STRICT_PROTOTYPES = YES;
				CLANG_WARN_SUSPICIOUS_MOVE = YES;
				CLANG_WARN_UNGUARDED_AVAILABILITY = YES_AGGRESSIVE;
				CLANG_WARN_UNREACHABLE_CODE = YES;
				CLANG_WARN__DUPLICATE_METHOD_MATCH = YES;
				COPY_PHASE_STRIP = NO;
				DEBUG_INFORMATION_FORMAT = dwarf;
				ENABLE_STRICT_OBJC_MSGSEND = YES;
				ENABLE_TESTABILITY = YES;
				GCC_C_LANGUAGE_STANDARD = gnu11;
				GCC_DYNAMIC_NO_PIC = NO;
				GCC_NO_COMMON_BLOCKS = YES;
				GCC_OPTIMIZATION_LEVEL = 0;
				GCC_PREPROCESSOR_DEFINITIONS = (
					"DEBUG=1",
					"$(inherited)",
				);
				GCC_WARN_64_TO_32_BIT_CONVERSION = YES;
				GCC_WARN_ABOUT_RETURN_TYPE = YES_ERROR;
				GCC_WARN_UNDECLARED_SELECTOR = YES;
				GCC_WARN_UNINITIALIZED_AUTOS = YES_AGGRESSIVE;
				GCC_WARN_UNUSED_FUNCTION = YES;
				GCC_WARN_UNUSED_VARIABLE = YES;
				IPHONEOS_DEPLOYMENT_TARGET = 13.4;
				MTL_ENABLE_DEBUG_INFO = INCLUDE_SOURCE;
				MTL_FAST_MATH = YES;
				ONLY_ACTIVE_ARCH = YES;
				SDKROOT = iphoneos;
				SWIFT_ACTIVE_COMPILATION_CONDITIONS = DEBUG;
				SWIFT_OPTIMIZATION_LEVEL = "-Onone";
			};
			name = Debug;
		};
		5E659B7E24D94C25004BF636 /* Release */ = {
			isa = XCBuildConfiguration;
			buildSettings = {
				ALWAYS_SEARCH_USER_PATHS = NO;
				CLANG_ANALYZER_NONNULL = YES;
				CLANG_ANALYZER_NUMBER_OBJECT_CONVERSION = YES_AGGRESSIVE;
				CLANG_CXX_LANGUAGE_STANDARD = "gnu++14";
				CLANG_CXX_LIBRARY = "libc++";
				CLANG_ENABLE_MODULES = YES;
				CLANG_ENABLE_OBJC_ARC = YES;
				CLANG_ENABLE_OBJC_WEAK = YES;
				CLANG_WARN_BLOCK_CAPTURE_AUTORELEASING = YES;
				CLANG_WARN_BOOL_CONVERSION = YES;
				CLANG_WARN_COMMA = YES;
				CLANG_WARN_CONSTANT_CONVERSION = YES;
				CLANG_WARN_DEPRECATED_OBJC_IMPLEMENTATIONS = YES;
				CLANG_WARN_DIRECT_OBJC_ISA_USAGE = YES_ERROR;
				CLANG_WARN_DOCUMENTATION_COMMENTS = YES;
				CLANG_WARN_EMPTY_BODY = YES;
				CLANG_WARN_ENUM_CONVERSION = YES;
				CLANG_WARN_INFINITE_RECURSION = YES;
				CLANG_WARN_INT_CONVERSION = YES;
				CLANG_WARN_NON_LITERAL_NULL_CONVERSION = YES;
				CLANG_WARN_OBJC_IMPLICIT_RETAIN_SELF = YES;
				CLANG_WARN_OBJC_LITERAL_CONVERSION = YES;
				CLANG_WARN_OBJC_ROOT_CLASS = YES_ERROR;
				CLANG_WARN_RANGE_LOOP_ANALYSIS = YES;
				CLANG_WARN_STRICT_PROTOTYPES = YES;
				CLANG_WARN_SUSPICIOUS_MOVE = YES;
				CLANG_WARN_UNGUARDED_AVAILABILITY = YES_AGGRESSIVE;
				CLANG_WARN_UNREACHABLE_CODE = YES;
				CLANG_WARN__DUPLICATE_METHOD_MATCH = YES;
				COPY_PHASE_STRIP = NO;
				DEBUG_INFORMATION_FORMAT = "dwarf-with-dsym";
				ENABLE_NS_ASSERTIONS = NO;
				ENABLE_STRICT_OBJC_MSGSEND = YES;
				GCC_C_LANGUAGE_STANDARD = gnu11;
				GCC_NO_COMMON_BLOCKS = YES;
				GCC_WARN_64_TO_32_BIT_CONVERSION = YES;
				GCC_WARN_ABOUT_RETURN_TYPE = YES_ERROR;
				GCC_WARN_UNDECLARED_SELECTOR = YES;
				GCC_WARN_UNINITIALIZED_AUTOS = YES_AGGRESSIVE;
				GCC_WARN_UNUSED_FUNCTION = YES;
				GCC_WARN_UNUSED_VARIABLE = YES;
				IPHONEOS_DEPLOYMENT_TARGET = 13.4;
				MTL_ENABLE_DEBUG_INFO = NO;
				MTL_FAST_MATH = YES;
				SDKROOT = iphoneos;
				SWIFT_COMPILATION_MODE = wholemodule;
				SWIFT_OPTIMIZATION_LEVEL = "-O";
				VALIDATE_PRODUCT = YES;
			};
			name = Release;
		};
		5E659B8024D94C25004BF636 /* Debug */ = {
			isa = XCBuildConfiguration;
			baseConfigurationReference = 6BA94BB61276E85648D6DFDC /* Pods-MopubAds.debug.xcconfig */;
			buildSettings = {
				ASSETCATALOG_COMPILER_APPICON_NAME = AppIcon;
				CODE_SIGN_STYLE = Automatic;
				INFOPLIST_FILE = MopubAds/Info.plist;
				LD_RUNPATH_SEARCH_PATHS = (
					"$(inherited)",
					"@executable_path/Frameworks",
				);
				PRODUCT_BUNDLE_IDENTIFIER = com.daitensai.MopubAds;
				PRODUCT_NAME = "$(TARGET_NAME)";
				SWIFT_VERSION = 5.0;
				TARGETED_DEVICE_FAMILY = "1,2";
			};
			name = Debug;
		};
		5E659B8124D94C25004BF636 /* Release */ = {
			isa = XCBuildConfiguration;
			baseConfigurationReference = 3877E25341E057C205C592CA /* Pods-MopubAds.release.xcconfig */;
			buildSettings = {
				ASSETCATALOG_COMPILER_APPICON_NAME = AppIcon;
				CODE_SIGN_STYLE = Automatic;
				INFOPLIST_FILE = MopubAds/Info.plist;
				LD_RUNPATH_SEARCH_PATHS = (
					"$(inherited)",
					"@executable_path/Frameworks",
				);
				PRODUCT_BUNDLE_IDENTIFIER = com.daitensai.MopubAds;
				PRODUCT_NAME = "$(TARGET_NAME)";
				SWIFT_VERSION = 5.0;
				TARGETED_DEVICE_FAMILY = "1,2";
			};
			name = Release;
		};
/* End XCBuildConfiguration section */

/* Begin XCConfigurationList section */
		5E659B6624D94C23004BF636 /* Build configuration list for PBXProject "MopubAds" */ = {
			isa = XCConfigurationList;
			buildConfigurations = (
				5E659B7D24D94C25004BF636 /* Debug */,
				5E659B7E24D94C25004BF636 /* Release */,
			);
			defaultConfigurationIsVisible = 0;
			defaultConfigurationName = Release;
		};
		5E659B7F24D94C25004BF636 /* Build configuration list for PBXNativeTarget "MopubAds" */ = {
			isa = XCConfigurationList;
			buildConfigurations = (
				5E659B8024D94C25004BF636 /* Debug */,
				5E659B8124D94C25004BF636 /* Release */,
			);
			defaultConfigurationIsVisible = 0;
			defaultConfigurationName = Release;
		};
/* End XCConfigurationList section */
	};
	rootObject = 5E659B6324D94C23004BF636 /* Project object */;
}
